// !$*UTF8*$!
{
	archiveVersion = 1;
	classes = {
	};
	objectVersion = 77;
	objects = {

/* Begin PBXBuildFile section */
		1922273E2DCB5DBF00F2F5A6 /* GMUIKitExtension in Frameworks */ = {isa = PBXBuildFile; productRef = 1922273D2DCB5DBF00F2F5A6 /* GMUIKitExtension */; };
/* End PBXBuildFile section */

/* Begin PBXContainerItemProxy section */
		19BFF4142DC46ADF00190624 /* PBXContainerItemProxy */ = {
			isa = PBXContainerItemProxy;
			containerPortal = 19BFF3F52DC46ADC00190624 /* Project object */;
			proxyType = 1;
			remoteGlobalIDString = 19BFF3FC2DC46ADC00190624;
			remoteInfo = iOSSample;
		};
		19BFF41E2DC46ADF00190624 /* PBXContainerItemProxy */ = {
			isa = PBXContainerItemProxy;
			containerPortal = 19BFF3F52DC46ADC00190624 /* Project object */;
			proxyType = 1;
			remoteGlobalIDString = 19BFF3FC2DC46ADC00190624;
			remoteInfo = iOSSample;
		};
/* End PBXContainerItemProxy section */

/* Begin PBXFileReference section */
		19BFF3FD2DC46ADC00190624 /* iOSSample.app */ = {isa = PBXFileReference; explicitFileType = wrapper.application; includeInIndex = 0; path = iOSSample.app; sourceTree = BUILT_PRODUCTS_DIR; };
		19BFF4132DC46ADF00190624 /* iOSSampleTests.xctest */ = {isa = PBXFileReference; explicitFileType = wrapper.cfbundle; includeInIndex = 0; path = iOSSampleTests.xctest; sourceTree = BUILT_PRODUCTS_DIR; };
		19BFF41D2DC46ADF00190624 /* iOSSampleUITests.xctest */ = {isa = PBXFileReference; explicitFileType = wrapper.cfbundle; includeInIndex = 0; path = iOSSampleUITests.xctest; sourceTree = BUILT_PRODUCTS_DIR; };
/* End PBXFileReference section */

/* Begin PBXFileSystemSynchronizedBuildFileExceptionSet section */
		19BFF4252DC46ADF00190624 /* Exceptions for "iOSSample" folder in "iOSSample" target */ = {
			isa = PBXFileSystemSynchronizedBuildFileExceptionSet;
			membershipExceptions = (
				Info.plist,
			);
			target = 19BFF3FC2DC46ADC00190624 /* iOSSample */;
		};
/* End PBXFileSystemSynchronizedBuildFileExceptionSet section */

/* Begin PBXFileSystemSynchronizedRootGroup section */
		19BFF3FF2DC46ADC00190624 /* iOSSample */ = {
			isa = PBXFileSystemSynchronizedRootGroup;
			exceptions = (
				19BFF4252DC46ADF00190624 /* Exceptions for "iOSSample" folder in "iOSSample" target */,
			);
			path = iOSSample;
			sourceTree = "<group>";
		};
		19BFF4162DC46ADF00190624 /* iOSSampleTests */ = {
			isa = PBXFileSystemSynchronizedRootGroup;
			path = iOSSampleTests;
			sourceTree = "<group>";
		};
		19BFF4202DC46ADF00190624 /* iOSSampleUITests */ = {
			isa = PBXFileSystemSynchronizedRootGroup;
			path = iOSSampleUITests;
			sourceTree = "<group>";
		};
/* End PBXFileSystemSynchronizedRootGroup section */

/* Begin PBXFrameworksBuildPhase section */
		19BFF3FA2DC46ADC00190624 /* Frameworks */ = {
			isa = PBXFrameworksBuildPhase;
			buildActionMask = 2147483647;
			files = (
				1922273E2DCB5DBF00F2F5A6 /* GMUIKitExtension in Frameworks */,
			);
			runOnlyForDeploymentPostprocessing = 0;
		};
		19BFF4102DC46ADF00190624 /* Frameworks */ = {
			isa = PBXFrameworksBuildPhase;
			buildActionMask = 2147483647;
			files = (
			);
			runOnlyForDeploymentPostprocessing = 0;
		};
		19BFF41A2DC46ADF00190624 /* Frameworks */ = {
			isa = PBXFrameworksBuildPhase;
			buildActionMask = 2147483647;
			files = (
			);
			runOnlyForDeploymentPostprocessing = 0;
		};
/* End PBXFrameworksBuildPhase section */

/* Begin PBXGroup section */
		192227052DCB57AD00F2F5A6 /* Frameworks */ = {
			isa = PBXGroup;
			children = (
			);
			name = Frameworks;
			sourceTree = "<group>";
		};
		19BFF3F42DC46ADC00190624 = {
			isa = PBXGroup;
			children = (
				19BFF3FF2DC46ADC00190624 /* iOSSample */,
				19BFF4162DC46ADF00190624 /* iOSSampleTests */,
				19BFF4202DC46ADF00190624 /* iOSSampleUITests */,
				192227052DCB57AD00F2F5A6 /* Frameworks */,
				19BFF3FE2DC46ADC00190624 /* Products */,
			);
			sourceTree = "<group>";
		};
		19BFF3FE2DC46ADC00190624 /* Products */ = {
			isa = PBXGroup;
			children = (
				19BFF3FD2DC46ADC00190624 /* iOSSample.app */,
				19BFF4132DC46ADF00190624 /* iOSSampleTests.xctest */,
				19BFF41D2DC46ADF00190624 /* iOSSampleUITests.xctest */,
			);
			name = Products;
			sourceTree = "<group>";
		};
/* End PBXGroup section */

/* Begin PBXNativeTarget section */
		19BFF3FC2DC46ADC00190624 /* iOSSample */ = {
			isa = PBXNativeTarget;
			buildConfigurationList = 19BFF4262DC46ADF00190624 /* Build configuration list for PBXNativeTarget "iOSSample" */;
			buildPhases = (
				19BFF3F92DC46ADC00190624 /* Sources */,
				19BFF3FA2DC46ADC00190624 /* Frameworks */,
				19BFF3FB2DC46ADC00190624 /* Resources */,
			);
			buildRules = (
			);
			dependencies = (
			);
			fileSystemSynchronizedGroups = (
				19BFF3FF2DC46ADC00190624 /* iOSSample */,
			);
			name = iOSSample;
			packageProductDependencies = (
				1922273D2DCB5DBF00F2F5A6 /* GMUIKitExtension */,
			);
			productName = iOSSample;
			productReference = 19BFF3FD2DC46ADC00190624 /* iOSSample.app */;
			productType = "com.apple.product-type.application";
		};
		19BFF4122DC46ADF00190624 /* iOSSampleTests */ = {
			isa = PBXNativeTarget;
			buildConfigurationList = 19BFF42B2DC46ADF00190624 /* Build configuration list for PBXNativeTarget "iOSSampleTests" */;
			buildPhases = (
				19BFF40F2DC46ADF00190624 /* Sources */,
				19BFF4102DC46ADF00190624 /* Frameworks */,
				19BFF4112DC46ADF00190624 /* Resources */,
			);
			buildRules = (
			);
			dependencies = (
				19BFF4152DC46ADF00190624 /* PBXTargetDependency */,
			);
			fileSystemSynchronizedGroups = (
				19BFF4162DC46ADF00190624 /* iOSSampleTests */,
			);
			name = iOSSampleTests;
			packageProductDependencies = (
			);
			productName = iOSSampleTests;
			productReference = 19BFF4132DC46ADF00190624 /* iOSSampleTests.xctest */;
			productType = "com.apple.product-type.bundle.unit-test";
		};
		19BFF41C2DC46ADF00190624 /* iOSSampleUITests */ = {
			isa = PBXNativeTarget;
			buildConfigurationList = 19BFF42E2DC46ADF00190624 /* Build configuration list for PBXNativeTarget "iOSSampleUITests" */;
			buildPhases = (
				19BFF4192DC46ADF00190624 /* Sources */,
				19BFF41A2DC46ADF00190624 /* Frameworks */,
				19BFF41B2DC46ADF00190624 /* Resources */,
			);
			buildRules = (
			);
			dependencies = (
				19BFF41F2DC46ADF00190624 /* PBXTargetDependency */,
			);
			fileSystemSynchronizedGroups = (
				19BFF4202DC46ADF00190624 /* iOSSampleUITests */,
			);
			name = iOSSampleUITests;
			packageProductDependencies = (
			);
			productName = iOSSampleUITests;
			productReference = 19BFF41D2DC46ADF00190624 /* iOSSampleUITests.xctest */;
			productType = "com.apple.product-type.bundle.ui-testing";
		};
/* End PBXNativeTarget section */

/* Begin PBXProject section */
		19BFF3F52DC46ADC00190624 /* Project object */ = {
			isa = PBXProject;
			attributes = {
				BuildIndependentTargetsInParallel = 1;
				LastSwiftUpdateCheck = 1630;
				LastUpgradeCheck = 1630;
				TargetAttributes = {
					19BFF3FC2DC46ADC00190624 = {
						CreatedOnToolsVersion = 16.3;
					};
					19BFF4122DC46ADF00190624 = {
						CreatedOnToolsVersion = 16.3;
						TestTargetID = 19BFF3FC2DC46ADC00190624;
					};
					19BFF41C2DC46ADF00190624 = {
						CreatedOnToolsVersion = 16.3;
						TestTargetID = 19BFF3FC2DC46ADC00190624;
					};
				};
			};
			buildConfigurationList = 19BFF3F82DC46ADC00190624 /* Build configuration list for PBXProject "iOSSample" */;
			developmentRegion = en;
			hasScannedForEncodings = 0;
			knownRegions = (
				en,
				Base,
			);
			mainGroup = 19BFF3F42DC46ADC00190624;
			minimizedProjectReferenceProxies = 1;
			packageReferences = (
				1922273C2DCB5DAD00F2F5A6 /* XCLocalSwiftPackageReference "../../GMUIKitExtension" */,
			);
			preferredProjectObjectVersion = 77;
			productRefGroup = 19BFF3FE2DC46ADC00190624 /* Products */;
			projectDirPath = "";
			projectRoot = "";
			targets = (
				19BFF3FC2DC46ADC00190624 /* iOSSample */,
				19BFF4122DC46ADF00190624 /* iOSSampleTests */,
				19BFF41C2DC46ADF00190624 /* iOSSampleUITests */,
			);
		};
/* End PBXProject section */

/* Begin PBXResourcesBuildPhase section */
		19BFF3FB2DC46ADC00190624 /* Resources */ = {
			isa = PBXResourcesBuildPhase;
			buildActionMask = 2147483647;
			files = (
			);
			runOnlyForDeploymentPostprocessing = 0;
		};
		19BFF4112DC46ADF00190624 /* Resources */ = {
			isa = PBXResourcesBuildPhase;
			buildActionMask = 2147483647;
			files = (
			);
			runOnlyForDeploymentPostprocessing = 0;
		};
		19BFF41B2DC46ADF00190624 /* Resources */ = {
			isa = PBXResourcesBuildPhase;
			buildActionMask = 2147483647;
			files = (
			);
			runOnlyForDeploymentPostprocessing = 0;
		};
/* End PBXResourcesBuildPhase section */

/* Begin PBXSourcesBuildPhase section */
		19BFF3F92DC46ADC00190624 /* Sources */ = {
			isa = PBXSourcesBuildPhase;
			buildActionMask = 2147483647;
			files = (
			);
			runOnlyForDeploymentPostprocessing = 0;
		};
		19BFF40F2DC46ADF00190624 /* Sources */ = {
			isa = PBXSourcesBuildPhase;
			buildActionMask = 2147483647;
			files = (
			);
			runOnlyForDeploymentPostprocessing = 0;
		};
		19BFF4192DC46ADF00190624 /* Sources */ = {
			isa = PBXSourcesBuildPhase;
			buildActionMask = 2147483647;
			files = (
			);
			runOnlyForDeploymentPostprocessing = 0;
		};
/* End PBXSourcesBuildPhase section */

/* Begin PBXTargetDependency section */
		19BFF4152DC46ADF00190624 /* PBXTargetDependency */ = {
			isa = PBXTargetDependency;
			target = 19BFF3FC2DC46ADC00190624 /* iOSSample */;
			targetProxy = 19BFF4142DC46ADF00190624 /* PBXContainerItemProxy */;
		};
		19BFF41F2DC46ADF00190624 /* PBXTargetDependency */ = {
			isa = PBXTargetDependency;
			target = 19BFF3FC2DC46ADC00190624 /* iOSSample */;
			targetProxy = 19BFF41E2DC46ADF00190624 /* PBXContainerItemProxy */;
		};
/* End PBXTargetDependency section */

/* Begin XCBuildConfiguration section */
		19BFF4272DC46ADF00190624 /* Debug */ = {
			isa = XCBuildConfiguration;
			buildSettings = {
				ASSETCATALOG_COMPILER_APPICON_NAME = AppIcon;
				ASSETCATALOG_COMPILER_GLOBAL_ACCENT_COLOR_NAME = AccentColor;
				CODE_SIGN_STYLE = Automatic;
				CURRENT_PROJECT_VERSION = 1;
				DEVELOPMENT_TEAM = W48NJ368MP;
				GENERATE_INFOPLIST_FILE = YES;
				INFOPLIST_FILE = iOSSample/Info.plist;
				INFOPLIST_KEY_UIApplicationSupportsIndirectInputEvents = YES;
				INFOPLIST_KEY_UILaunchStoryboardName = LaunchScreen;
				INFOPLIST_KEY_UIMainStoryboardFile = Main;
				INFOPLIST_KEY_UISupportedInterfaceOrientations_iPad = "UIInterfaceOrientationPortrait UIInterfaceOrientationPortraitUpsideDown UIInterfaceOrientationLandscapeLeft UIInterfaceOrientationLandscapeRight";
				INFOPLIST_KEY_UISupportedInterfaceOrientations_iPhone = "UIInterfaceOrientationPortrait UIInterfaceOrientationLandscapeLeft UIInterfaceOrientationLandscapeRight";
				IPHONEOS_DEPLOYMENT_TARGET = 15.6;
				LD_RUNPATH_SEARCH_PATHS = (
					"$(inherited)",
					"@executable_path/Frameworks",
				);
				MARKETING_VERSION = 1.0;
				PRODUCT_BUNDLE_IDENTIFIER = com.gmi91.iOSSample;
				PRODUCT_NAME = "$(TARGET_NAME)";
				SUPPORTED_PLATFORMS = "iphoneos iphonesimulator";
				SUPPORTS_MACCATALYST = NO;
				SUPPORTS_MAC_DESIGNED_FOR_IPHONE_IPAD = NO;
				SUPPORTS_XR_DESIGNED_FOR_IPHONE_IPAD = NO;
				SWIFT_EMIT_LOC_STRINGS = YES;
				SWIFT_VERSION = 5.0;
				TARGETED_DEVICE_FAMILY = "1,2";
			};
			name = Debug;
		};
		19BFF4282DC46ADF00190624 /* Release */ = {
			isa = XCBuildConfiguration;
			buildSettings = {
				ASSETCATALOG_COMPILER_APPICON_NAME = AppIcon;
				ASSETCATALOG_COMPILER_GLOBAL_ACCENT_COLOR_NAME = AccentColor;
				CODE_SIGN_STYLE = Automatic;
				CURRENT_PROJECT_VERSION = 1;
				DEVELOPMENT_TEAM = W48NJ368MP;
				GENERATE_INFOPLIST_FILE = YES;
				INFOPLIST_FILE = iOSSample/Info.plist;
				INFOPLIST_KEY_UIApplicationSupportsIndirectInputEvents = YES;
				INFOPLIST_KEY_UILaunchStoryboardName = LaunchScreen;
				INFOPLIST_KEY_UIMainStoryboardFile = Main;
				INFOPLIST_KEY_UISupportedInterfaceOrientations_iPad = "UIInterfaceOrientationPortrait UIInterfaceOrientationPortraitUpsideDown UIInterfaceOrientationLandscapeLeft UIInterfaceOrientationLandscapeRight";
				INFOPLIST_KEY_UISupportedInterfaceOrientations_iPhone = "UIInterfaceOrientationPortrait UIInterfaceOrientationLandscapeLeft UIInterfaceOrientationLandscapeRight";
				IPHONEOS_DEPLOYMENT_TARGET = 15.6;
				LD_RUNPATH_SEARCH_PATHS = (
					"$(inherited)",
					"@executable_path/Frameworks",
				);
				MARKETING_VERSION = 1.0;
				PRODUCT_BUNDLE_IDENTIFIER = com.gmi91.iOSSample;
				PRODUCT_NAME = "$(TARGET_NAME)";
				SUPPORTED_PLATFORMS = "iphoneos iphonesimulator";
				SUPPORTS_MACCATALYST = NO;
				SUPPORTS_MAC_DESIGNED_FOR_IPHONE_IPAD = NO;
				SUPPORTS_XR_DESIGNED_FOR_IPHONE_IPAD = NO;
				SWIFT_EMIT_LOC_STRINGS = YES;
				SWIFT_VERSION = 5.0;
				TARGETED_DEVICE_FAMILY = "1,2";
			};
			name = Release;
		};
		19BFF4292DC46ADF00190624 /* Debug */ = {
			isa = XCBuildConfiguration;
			buildSettings = {
				ALWAYS_SEARCH_USER_PATHS = NO;
				ASSETCATALOG_COMPILER_GENERATE_SWIFT_ASSET_SYMBOL_EXTENSIONS = YES;
				CLANG_ANALYZER_NONNULL = YES;
				CLANG_ANALYZER_NUMBER_OBJECT_CONVERSION = YES_AGGRESSIVE;
				CLANG_CXX_LANGUAGE_STANDARD = "gnu++20";
				CLANG_ENABLE_MODULES = YES;
				CLANG_ENABLE_OBJC_ARC = YES;
				CLANG_ENABLE_OBJC_WEAK = YES;
				CLANG_WARN_BLOCK_CAPTURE_AUTORELEASING = YES;
				CLANG_WARN_BOOL_CONVERSION = YES;
				CLANG_WARN_COMMA = YES;
				CLANG_WARN_CONSTANT_CONVERSION = YES;
				CLANG_WARN_DEPRECATED_OBJC_IMPLEMENTATIONS = YES;
				CLANG_WARN_DIRECT_OBJC_ISA_USAGE = YES_ERROR;
				CLANG_WARN_DOCUMENTATION_COMMENTS = YES;
				CLANG_WARN_EMPTY_BODY = YES;
				CLANG_WARN_ENUM_CONVERSION = YES;
				CLANG_WARN_INFINITE_RECURSION = YES;
				CLANG_WARN_INT_CONVERSION = YES;
				CLANG_WARN_NON_LITERAL_NULL_CONVERSION = YES;
				CLANG_WARN_OBJC_IMPLICIT_RETAIN_SELF = YES;
				CLANG_WARN_OBJC_LITERAL_CONVERSION = YES;
				CLANG_WARN_OBJC_ROOT_CLASS = YES_ERROR;
				CLANG_WARN_QUOTED_INCLUDE_IN_FRAMEWORK_HEADER = YES;
				CLANG_WARN_RANGE_LOOP_ANALYSIS = YES;
				CLANG_WARN_STRICT_PROTOTYPES = YES;
				CLANG_WARN_SUSPICIOUS_MOVE = YES;
				CLANG_WARN_UNGUARDED_AVAILABILITY = YES_AGGRESSIVE;
				CLANG_WARN_UNREACHABLE_CODE = YES;
				CLANG_WARN__DUPLICATE_METHOD_MATCH = YES;
				COPY_PHASE_STRIP = NO;
				DEBUG_INFORMATION_FORMAT = dwarf;
				DEVELOPMENT_TEAM = W48NJ368MP;
				ENABLE_STRICT_OBJC_MSGSEND = YES;
				ENABLE_TESTABILITY = YES;
				ENABLE_USER_SCRIPT_SANDBOXING = YES;
				GCC_C_LANGUAGE_STANDARD = gnu17;
				GCC_DYNAMIC_NO_PIC = NO;
				GCC_NO_COMMON_BLOCKS = YES;
				GCC_OPTIMIZATION_LEVEL = 0;
				GCC_PREPROCESSOR_DEFINITIONS = (
					"DEBUG=1",
					"$(inherited)",
				);
				GCC_WARN_64_TO_32_BIT_CONVERSION = YES;
				GCC_WARN_ABOUT_RETURN_TYPE = YES_ERROR;
				GCC_WARN_UNDECLARED_SELECTOR = YES;
				GCC_WARN_UNINITIALIZED_AUTOS = YES_AGGRESSIVE;
				GCC_WARN_UNUSED_FUNCTION = YES;
				GCC_WARN_UNUSED_VARIABLE = YES;
				IPHONEOS_DEPLOYMENT_TARGET = 18.4;
				LOCALIZATION_PREFERS_STRING_CATALOGS = YES;
				MTL_ENABLE_DEBUG_INFO = INCLUDE_SOURCE;
				MTL_FAST_MATH = YES;
				ONLY_ACTIVE_ARCH = YES;
				SDKROOT = iphoneos;
				SWIFT_ACTIVE_COMPILATION_CONDITIONS = "DEBUG $(inherited)";
				SWIFT_OPTIMIZATION_LEVEL = "-Onone";
			};
			name = Debug;
		};
		19BFF42A2DC46ADF00190624 /* Release */ = {
			isa = XCBuildConfiguration;
			buildSettings = {
				ALWAYS_SEARCH_USER_PATHS = NO;
				ASSETCATALOG_COMPILER_GENERATE_SWIFT_ASSET_SYMBOL_EXTENSIONS = YES;
				CLANG_ANALYZER_NONNULL = YES;
				CLANG_ANALYZER_NUMBER_OBJECT_CONVERSION = YES_AGGRESSIVE;
				CLANG_CXX_LANGUAGE_STANDARD = "gnu++20";
				CLANG_ENABLE_MODULES = YES;
				CLANG_ENABLE_OBJC_ARC = YES;
				CLANG_ENABLE_OBJC_WEAK = YES;
				CLANG_WARN_BLOCK_CAPTURE_AUTORELEASING = YES;
				CLANG_WARN_BOOL_CONVERSION = YES;
				CLANG_WARN_COMMA = YES;
				CLANG_WARN_CONSTANT_CONVERSION = YES;
				CLANG_WARN_DEPRECATED_OBJC_IMPLEMENTATIONS = YES;
				CLANG_WARN_DIRECT_OBJC_ISA_USAGE = YES_ERROR;
				CLANG_WARN_DOCUMENTATION_COMMENTS = YES;
				CLANG_WARN_EMPTY_BODY = YES;
				CLANG_WARN_ENUM_CONVERSION = YES;
				CLANG_WARN_INFINITE_RECURSION = YES;
				CLANG_WARN_INT_CONVERSION = YES;
				CLANG_WARN_NON_LITERAL_NULL_CONVERSION = YES;
				CLANG_WARN_OBJC_IMPLICIT_RETAIN_SELF = YES;
				CLANG_WARN_OBJC_LITERAL_CONVERSION = YES;
				CLANG_WARN_OBJC_ROOT_CLASS = YES_ERROR;
				CLANG_WARN_QUOTED_INCLUDE_IN_FRAMEWORK_HEADER = YES;
				CLANG_WARN_RANGE_LOOP_ANALYSIS = YES;
				CLANG_WARN_STRICT_PROTOTYPES = YES;
				CLANG_WARN_SUSPICIOUS_MOVE = YES;
				CLANG_WARN_UNGUARDED_AVAILABILITY = YES_AGGRESSIVE;
				CLANG_WARN_UNREACHABLE_CODE = YES;
				CLANG_WARN__DUPLICATE_METHOD_MATCH = YES;
				COPY_PHASE_STRIP = NO;
				DEBUG_INFORMATION_FORMAT = "dwarf-with-dsym";
				DEVELOPMENT_TEAM = W48NJ368MP;
				ENABLE_NS_ASSERTIONS = NO;
				ENABLE_STRICT_OBJC_MSGSEND = YES;
				ENABLE_USER_SCRIPT_SANDBOXING = YES;
				GCC_C_LANGUAGE_STANDARD = gnu17;
				GCC_NO_COMMON_BLOCKS = YES;
				GCC_WARN_64_TO_32_BIT_CONVERSION = YES;
				GCC_WARN_ABOUT_RETURN_TYPE = YES_ERROR;
				GCC_WARN_UNDECLARED_SELECTOR = YES;
				GCC_WARN_UNINITIALIZED_AUTOS = YES_AGGRESSIVE;
				GCC_WARN_UNUSED_FUNCTION = YES;
				GCC_WARN_UNUSED_VARIABLE = YES;
				IPHONEOS_DEPLOYMENT_TARGET = 18.4;
				LOCALIZATION_PREFERS_STRING_CATALOGS = YES;
				MTL_ENABLE_DEBUG_INFO = NO;
				MTL_FAST_MATH = YES;
				SDKROOT = iphoneos;
				SWIFT_COMPILATION_MODE = wholemodule;
				VALIDATE_PRODUCT = YES;
			};
			name = Release;
		};
		19BFF42C2DC46ADF00190624 /* Debug */ = {
			isa = XCBuildConfiguration;
			buildSettings = {
				BUNDLE_LOADER = "$(TEST_HOST)";
				CODE_SIGN_STYLE = Automatic;
				CURRENT_PROJECT_VERSION = 1;
				DEVELOPMENT_TEAM = W48NJ368MP;
				GENERATE_INFOPLIST_FILE = YES;
				IPHONEOS_DEPLOYMENT_TARGET = 18.4;
				MARKETING_VERSION = 1.0;
				PRODUCT_BUNDLE_IDENTIFIER = com.gmi91.iOSSampleTests;
				PRODUCT_NAME = "$(TARGET_NAME)";
				SWIFT_EMIT_LOC_STRINGS = NO;
				SWIFT_VERSION = 5.0;
				TARGETED_DEVICE_FAMILY = "1,2";
				TEST_HOST = "$(BUILT_PRODUCTS_DIR)/iOSSample.app/$(BUNDLE_EXECUTABLE_FOLDER_PATH)/iOSSample";
			};
			name = Debug;
		};
		19BFF42D2DC46ADF00190624 /* Release */ = {
			isa = XCBuildConfiguration;
			buildSettings = {
				BUNDLE_LOADER = "$(TEST_HOST)";
				CODE_SIGN_STYLE = Automatic;
				CURRENT_PROJECT_VERSION = 1;
				DEVELOPMENT_TEAM = W48NJ368MP;
				GENERATE_INFOPLIST_FILE = YES;
				IPHONEOS_DEPLOYMENT_TARGET = 18.4;
				MARKETING_VERSION = 1.0;
				PRODUCT_BUNDLE_IDENTIFIER = com.gmi91.iOSSampleTests;
				PRODUCT_NAME = "$(TARGET_NAME)";
				SWIFT_EMIT_LOC_STRINGS = NO;
				SWIFT_VERSION = 5.0;
				TARGETED_DEVICE_FAMILY = "1,2";
				TEST_HOST = "$(BUILT_PRODUCTS_DIR)/iOSSample.app/$(BUNDLE_EXECUTABLE_FOLDER_PATH)/iOSSample";
			};
			name = Release;
		};
		19BFF42F2DC46ADF00190624 /* Debug */ = {
			isa = XCBuildConfiguration;
			buildSettings = {
				CODE_SIGN_STYLE = Automatic;
				CURRENT_PROJECT_VERSION = 1;
				DEVELOPMENT_TEAM = W48NJ368MP;
				GENERATE_INFOPLIST_FILE = YES;
				MARKETING_VERSION = 1.0;
				PRODUCT_BUNDLE_IDENTIFIER = com.gmi91.iOSSampleUITests;
				PRODUCT_NAME = "$(TARGET_NAME)";
				SWIFT_EMIT_LOC_STRINGS = NO;
				SWIFT_VERSION = 5.0;
				TARGETED_DEVICE_FAMILY = "1,2";
				TEST_TARGET_NAME = iOSSample;
			};
			name = Debug;
		};
		19BFF4302DC46ADF00190624 /* Release */ = {
			isa = XCBuildConfiguration;
			buildSettings = {
				CODE_SIGN_STYLE = Automatic;
				CURRENT_PROJECT_VERSION = 1;
				DEVELOPMENT_TEAM = W48NJ368MP;
				GENERATE_INFOPLIST_FILE = YES;
				MARKETING_VERSION = 1.0;
				PRODUCT_BUNDLE_IDENTIFIER = com.gmi91.iOSSampleUITests;
				PRODUCT_NAME = "$(TARGET_NAME)";
				SWIFT_EMIT_LOC_STRINGS = NO;
				SWIFT_VERSION = 5.0;
				TARGETED_DEVICE_FAMILY = "1,2";
				TEST_TARGET_NAME = iOSSample;
			};
			name = Release;
		};
/* End XCBuildConfiguration section */

/* Begin XCConfigurationList section */
		19BFF3F82DC46ADC00190624 /* Build configuration list for PBXProject "iOSSample" */ = {
			isa = XCConfigurationList;
			buildConfigurations = (
				19BFF4292DC46ADF00190624 /* Debug */,
				19BFF42A2DC46ADF00190624 /* Release */,
			);
			defaultConfigurationIsVisible = 0;
			defaultConfigurationName = Release;
		};
		19BFF4262DC46ADF00190624 /* Build configuration list for PBXNativeTarget "iOSSample" */ = {
			isa = XCConfigurationList;
			buildConfigurations = (
				19BFF4272DC46ADF00190624 /* Debug */,
				19BFF4282DC46ADF00190624 /* Release */,
			);
			defaultConfigurationIsVisible = 0;
			defaultConfigurationName = Release;
		};
		19BFF42B2DC46ADF00190624 /* Build configuration list for PBXNativeTarget "iOSSampleTests" */ = {
			isa = XCConfigurationList;
			buildConfigurations = (
				19BFF42C2DC46ADF00190624 /* Debug */,
				19BFF42D2DC46ADF00190624 /* Release */,
			);
			defaultConfigurationIsVisible = 0;
			defaultConfigurationName = Release;
		};
		19BFF42E2DC46ADF00190624 /* Build configuration list for PBXNativeTarget "iOSSampleUITests" */ = {
			isa = XCConfigurationList;
			buildConfigurations = (
				19BFF42F2DC46ADF00190624 /* Debug */,
				19BFF4302DC46ADF00190624 /* Release */,
			);
			defaultConfigurationIsVisible = 0;
			defaultConfigurationName = Release;
		};
/* End XCConfigurationList section */

/* Begin XCLocalSwiftPackageReference section */
		1922273C2DCB5DAD00F2F5A6 /* XCLocalSwiftPackageReference "../../GMUIKitExtension" */ = {
			isa = XCLocalSwiftPackageReference;
			relativePath = ../../GMUIKitExtension;
		};
/* End XCLocalSwiftPackageReference section */

/* Begin XCSwiftPackageProductDependency section */
		1922273D2DCB5DBF00F2F5A6 /* GMUIKitExtension */ = {
			isa = XCSwiftPackageProductDependency;
			package = 1922273C2DCB5DAD00F2F5A6 /* XCLocalSwiftPackageReference "../../GMUIKitExtension" */;
			productName = GMUIKitExtension;
		};
/* End XCSwiftPackageProductDependency section */
	};
	rootObject = 19BFF3F52DC46ADC00190624 /* Project object */;
}
